
Microsoft Visual Studio Solution File, Format Version 12.00
# Visual Studio Version 17
VisualStudioVersion = 17.7.34024.191
MinimumVisualStudioVersion = 10.0.40219.1
Project("{FAE04EC0-301F-11D3-BF4B-00C04F79EFBC}") = "HW8", "HW8.csproj", "{871548D1-9F3D-41FB-8DDA-974D27E2AAAA}"
EndProject
Global
	GlobalSection(SolutionConfigurationPlatforms) = preSolution
		Debug|Any CPU = Debug|Any CPU
		Release|Any CPU = Release|Any CPU
	EndGlobalSection
	GlobalSection(ProjectConfigurationPlatforms) = postSolution
		{871548D1-9F3D-41FB-8DDA-974D27E2AAAA}.Debug|Any CPU.ActiveCfg = Debug|Any CPU
		{871548D1-9F3D-41FB-8DDA-974D27E2AAAA}.Debug|Any CPU.Build.0 = Debug|Any CPU
		{871548D1-9F3D-41FB-8DDA-974D27E2AAAA}.Release|Any CPU.ActiveCfg = Release|Any CPU
		{871548D1-9F3D-41FB-8DDA-974D27E2AAAA}.Release|Any CPU.Build.0 = Release|Any CPU
	EndGlobalSection
	GlobalSection(SolutionProperties) = preSolution
		HideSolutionNode = FALSE
	EndGlobalSection
	GlobalSection(ExtensibilityGlobals) = postSolution
		SolutionGuid = {C6DC826F-89F9-4751-8286-80060FED0AD8}
	EndGlobalSection
EndGlobal
