
Microsoft Visual Studio Solution File, Format Version 12.00
# Visual Studio Version 17
VisualStudioVersion = 17.8.34316.72
MinimumVisualStudioVersion = 10.0.40219.1
Project("{FAE04EC0-301F-11D3-BF4B-00C04F79EFBC}") = "HW13", "HW13.csproj", "{C6D25BC7-2823-42FC-9AFB-F7ADC0C5A610}"
EndProject
Global
	GlobalSection(SolutionConfigurationPlatforms) = preSolution
		Debug|Any CPU = Debug|Any CPU
		Release|Any CPU = Release|Any CPU
	EndGlobalSection
	GlobalSection(ProjectConfigurationPlatforms) = postSolution
		{C6D25BC7-2823-42FC-9AFB-F7ADC0C5A610}.Debug|Any CPU.ActiveCfg = Debug|Any CPU
		{C6D25BC7-2823-42FC-9AFB-F7ADC0C5A610}.Debug|Any CPU.Build.0 = Debug|Any CPU
		{C6D25BC7-2823-42FC-9AFB-F7ADC0C5A610}.Release|Any CPU.ActiveCfg = Release|Any CPU
		{C6D25BC7-2823-42FC-9AFB-F7ADC0C5A610}.Release|Any CPU.Build.0 = Release|Any CPU
	EndGlobalSection
	GlobalSection(SolutionProperties) = preSolution
		HideSolutionNode = FALSE
	EndGlobalSection
	GlobalSection(ExtensibilityGlobals) = postSolution
		SolutionGuid = {DE68C025-1E00-4384-B3A8-D8C2B92A05F8}
	EndGlobalSection
EndGlobal
